
Microsoft Visual Studio Solution File, Format Version 12.00
# Visual Studio Version 16
VisualStudioVersion = 16.0.31105.61
MinimumVisualStudioVersion = 10.0.40219.1
Project("{9A19103F-16F7-4668-BE54-9A1E7A4F7556}") = "Toolkit.WinForms", "Toolkit.WinForms\Toolkit.WinForms.csproj", "{821E7876-F884-4C69-BD01-28297C088BEC}"
EndProject
Project("{2150E333-8FDC-42A3-9474-1A3956D46DE8}") = "Solution Items", "Solution Items", "{C85D3415-0BE7-41A1-8A2F-133BA092EECA}"
	ProjectSection(SolutionItems) = preProject
		.editorconfig = .editorconfig
		copyright = copyright
		LICENSE = LICENSE
		README.md = README.md
	EndProjectSection
EndProject
Project("{9A19103F-16F7-4668-BE54-9A1E7A4F7556}") = "Toolkit.History", "Toolkit.History\Toolkit.History.csproj", "{9B2DE2B8-5E7A-441F-A96C-4D027ED1C7B1}"
EndProject
Project("{9A19103F-16F7-4668-BE54-9A1E7A4F7556}") = "Toolkit.WinForms.Dialogs", "Toolkit.WinForms.Dialogs\Toolkit.WinForms.Dialogs.csproj", "{B519C317-4281-41BC-B47A-D500C72E1720}"
	ProjectSection(ProjectDependencies) = postProject
		{5CDDBB16-9EBA-4EDE-9E7D-4743939C694A} = {5CDDBB16-9EBA-4EDE-9E7D-4743939C694A}
	EndProjectSection
EndProject
Project("{9A19103F-16F7-4668-BE54-9A1E7A4F7556}") = "Toolkit.Core", "Toolkit.Core\Toolkit.Core.csproj", "{5CDDBB16-9EBA-4EDE-9E7D-4743939C694A}"
EndProject
Project("{9A19103F-16F7-4668-BE54-9A1E7A4F7556}") = "Toolkit.Win32", "Toolkit.Win32\Toolkit.Win32.csproj", "{64C37DE5-AAD7-44F2-AD8A-C8838F134C65}"
EndProject
Project("{2150E333-8FDC-42A3-9474-1A3956D46DE8}") = "Properties", "Properties", "{A8512AED-60C6-4D96-9428-B803C089F01E}"
	ProjectSection(SolutionItems) = preProject
		.meta\BuildSettings.props = .meta\BuildSettings.props
		Directory.Build.props = Directory.Build.props
		.meta\PackageCommon.props = .meta\PackageCommon.props
		.meta\PackageStrings.props = .meta\PackageStrings.props
		.meta\References.props = .meta\References.props
		.meta\TargetFrameworks.props = .meta\TargetFrameworks.props
		.meta\Toolkit.nuspec = .meta\Toolkit.nuspec
		.meta\Version.props = .meta\Version.props
	EndProjectSection
EndProject
Global
	GlobalSection(SolutionConfigurationPlatforms) = preSolution
		Debug|Any CPU = Debug|Any CPU
		Release|Any CPU = Release|Any CPU
	EndGlobalSection
	GlobalSection(ProjectConfigurationPlatforms) = postSolution
		{821E7876-F884-4C69-BD01-28297C088BEC}.Debug|Any CPU.ActiveCfg = Debug|Any CPU
		{821E7876-F884-4C69-BD01-28297C088BEC}.Debug|Any CPU.Build.0 = Debug|Any CPU
		{821E7876-F884-4C69-BD01-28297C088BEC}.Release|Any CPU.ActiveCfg = Release|Any CPU
		{821E7876-F884-4C69-BD01-28297C088BEC}.Release|Any CPU.Build.0 = Release|Any CPU
		{9B2DE2B8-5E7A-441F-A96C-4D027ED1C7B1}.Debug|Any CPU.ActiveCfg = Debug|Any CPU
		{9B2DE2B8-5E7A-441F-A96C-4D027ED1C7B1}.Debug|Any CPU.Build.0 = Debug|Any CPU
		{9B2DE2B8-5E7A-441F-A96C-4D027ED1C7B1}.Release|Any CPU.ActiveCfg = Release|Any CPU
		{9B2DE2B8-5E7A-441F-A96C-4D027ED1C7B1}.Release|Any CPU.Build.0 = Release|Any CPU
		{B519C317-4281-41BC-B47A-D500C72E1720}.Debug|Any CPU.ActiveCfg = Debug|Any CPU
		{B519C317-4281-41BC-B47A-D500C72E1720}.Debug|Any CPU.Build.0 = Debug|Any CPU
		{B519C317-4281-41BC-B47A-D500C72E1720}.Release|Any CPU.ActiveCfg = Release|Any CPU
		{B519C317-4281-41BC-B47A-D500C72E1720}.Release|Any CPU.Build.0 = Release|Any CPU
		{5CDDBB16-9EBA-4EDE-9E7D-4743939C694A}.Debug|Any CPU.ActiveCfg = Debug|Any CPU
		{5CDDBB16-9EBA-4EDE-9E7D-4743939C694A}.Debug|Any CPU.Build.0 = Debug|Any CPU
		{5CDDBB16-9EBA-4EDE-9E7D-4743939C694A}.Release|Any CPU.ActiveCfg = Release|Any CPU
		{5CDDBB16-9EBA-4EDE-9E7D-4743939C694A}.Release|Any CPU.Build.0 = Release|Any CPU
		{64C37DE5-AAD7-44F2-AD8A-C8838F134C65}.Debug|Any CPU.ActiveCfg = Debug|Any CPU
		{64C37DE5-AAD7-44F2-AD8A-C8838F134C65}.Debug|Any CPU.Build.0 = Debug|Any CPU
		{64C37DE5-AAD7-44F2-AD8A-C8838F134C65}.Release|Any CPU.ActiveCfg = Release|Any CPU
		{64C37DE5-AAD7-44F2-AD8A-C8838F134C65}.Release|Any CPU.Build.0 = Release|Any CPU
	EndGlobalSection
	GlobalSection(SolutionProperties) = preSolution
		HideSolutionNode = FALSE
	EndGlobalSection
	GlobalSection(NestedProjects) = preSolution
		{A8512AED-60C6-4D96-9428-B803C089F01E} = {C85D3415-0BE7-41A1-8A2F-133BA092EECA}
	EndGlobalSection
	GlobalSection(ExtensibilityGlobals) = postSolution
		SolutionGuid = {115CE4FB-3404-408B-A50B-53C7CC46C8FC}
	EndGlobalSection
EndGlobal
